
Microsoft Visual Studio Solution File, Format Version 12.00
# Visual Studio Version 17
VisualStudioVersion = 17.8.34511.84
MinimumVisualStudioVersion = 10.0.40219.1
Project("{FAE04EC0-301F-11D3-BF4B-00C04F79EFBC}") = "BlazorEcommerce.Server", "BlazorEcommerce\Server\BlazorEcommerce.Server.csproj", "{4F35794F-BE0A-46D8-844C-2512EC3F641B}"
EndProject
Project("{FAE04EC0-301F-11D3-BF4B-00C04F79EFBC}") = "BlazorEcommerce.Client", "BlazorEcommerce\Client\BlazorEcommerce.Client.csproj", "{E3D7D3F5-4A39-4B82-AF15-CF5CE2EB1227}"
EndProject
Project("{FAE04EC0-301F-11D3-BF4B-00C04F79EFBC}") = "BlazorEcommerce.Shared", "BlazorEcommerce\Shared\BlazorEcommerce.Shared.csproj", "{EB64E229-BFD8-4E82-852E-559BD903065D}"
EndProject
Global
	GlobalSection(SolutionConfigurationPlatforms) = preSolution
		Debug|Any CPU = Debug|Any CPU
		Release|Any CPU = Release|Any CPU
	EndGlobalSection
	GlobalSection(ProjectConfigurationPlatforms) = postSolution
		{4F35794F-BE0A-46D8-844C-2512EC3F641B}.Debug|Any CPU.ActiveCfg = Debug|Any CPU
		{4F35794F-BE0A-46D8-844C-2512EC3F641B}.Debug|Any CPU.Build.0 = Debug|Any CPU
		{4F35794F-BE0A-46D8-844C-2512EC3F641B}.Release|Any CPU.ActiveCfg = Release|Any CPU
		{4F35794F-BE0A-46D8-844C-2512EC3F641B}.Release|Any CPU.Build.0 = Release|Any CPU
		{E3D7D3F5-4A39-4B82-AF15-CF5CE2EB1227}.Debug|Any CPU.ActiveCfg = Debug|Any CPU
		{E3D7D3F5-4A39-4B82-AF15-CF5CE2EB1227}.Debug|Any CPU.Build.0 = Debug|Any CPU
		{E3D7D3F5-4A39-4B82-AF15-CF5CE2EB1227}.Release|Any CPU.ActiveCfg = Release|Any CPU
		{E3D7D3F5-4A39-4B82-AF15-CF5CE2EB1227}.Release|Any CPU.Build.0 = Release|Any CPU
		{EB64E229-BFD8-4E82-852E-559BD903065D}.Debug|Any CPU.ActiveCfg = Debug|Any CPU
		{EB64E229-BFD8-4E82-852E-559BD903065D}.Debug|Any CPU.Build.0 = Debug|Any CPU
		{EB64E229-BFD8-4E82-852E-559BD903065D}.Release|Any CPU.ActiveCfg = Release|Any CPU
		{EB64E229-BFD8-4E82-852E-559BD903065D}.Release|Any CPU.Build.0 = Release|Any CPU
	EndGlobalSection
	GlobalSection(SolutionProperties) = preSolution
		HideSolutionNode = FALSE
	EndGlobalSection
	GlobalSection(ExtensibilityGlobals) = postSolution
		SolutionGuid = {E5AD188B-DFF1-4FE8-A296-64D0703D8C95}
	EndGlobalSection
EndGlobal
